
Microsoft Visual Studio Solution File, Format Version 12.00
# Visual Studio Version 17
VisualStudioVersion = 17.5.33627.172
MinimumVisualStudioVersion = 10.0.40219.1
Project("{FAE04EC0-301F-11D3-BF4B-00C04F79EFBC}") = "SerilogAspSample", "SerilogAspSample\SerilogAspSample.csproj", "{DDA8F0E8-7299-4D13-BBE7-C8E15360E5EA}"
EndProject
Global
	GlobalSection(SolutionConfigurationPlatforms) = preSolution
		Debug|Any CPU = Debug|Any CPU
		Release|Any CPU = Release|Any CPU
	EndGlobalSection
	GlobalSection(ProjectConfigurationPlatforms) = postSolution
		{DDA8F0E8-7299-4D13-BBE7-C8E15360E5EA}.Debug|Any CPU.ActiveCfg = Debug|Any CPU
		{DDA8F0E8-7299-4D13-BBE7-C8E15360E5EA}.Debug|Any CPU.Build.0 = Debug|Any CPU
		{DDA8F0E8-7299-4D13-BBE7-C8E15360E5EA}.Release|Any CPU.ActiveCfg = Release|Any CPU
		{DDA8F0E8-7299-4D13-BBE7-C8E15360E5EA}.Release|Any CPU.Build.0 = Release|Any CPU
	EndGlobalSection
	GlobalSection(SolutionProperties) = preSolution
		HideSolutionNode = FALSE
	EndGlobalSection
	GlobalSection(ExtensibilityGlobals) = postSolution
		SolutionGuid = {F899ECDD-6B25-4F74-81E2-1619AD0E0F8B}
	EndGlobalSection
EndGlobal
